
Microsoft Visual Studio Solution File, Format Version 12.00
Project("{FAE04EC0-301F-11D3-BF4B-00C04F79EFBC}") = "FFCG.G9.GuessingGame", "FFCG.G9.GuessingGame\FFCG.G9.GuessingGame.csproj", "{CAFDE495-684C-4A03-BB20-B696B30B3A1E}"
EndProject
Project("{FAE04EC0-301F-11D3-BF4B-00C04F79EFBC}") = "FFCG.G9.GuessingGame.Tests", "FFCG.G9.GuessingGame.Tests\FFCG.G9.GuessingGame.Tests.csproj", "{DAFE5B77-C1BC-4170-9FA0-DBABCA1E5AEC}"
EndProject
Global
	GlobalSection(SolutionConfigurationPlatforms) = preSolution
		Debug|Any CPU = Debug|Any CPU
		Release|Any CPU = Release|Any CPU
	EndGlobalSection
	GlobalSection(ProjectConfigurationPlatforms) = postSolution
		{CAFDE495-684C-4A03-BB20-B696B30B3A1E}.Debug|Any CPU.ActiveCfg = Debug|Any CPU
		{CAFDE495-684C-4A03-BB20-B696B30B3A1E}.Debug|Any CPU.Build.0 = Debug|Any CPU
		{CAFDE495-684C-4A03-BB20-B696B30B3A1E}.Release|Any CPU.ActiveCfg = Release|Any CPU
		{CAFDE495-684C-4A03-BB20-B696B30B3A1E}.Release|Any CPU.Build.0 = Release|Any CPU
		{DAFE5B77-C1BC-4170-9FA0-DBABCA1E5AEC}.Debug|Any CPU.ActiveCfg = Debug|Any CPU
		{DAFE5B77-C1BC-4170-9FA0-DBABCA1E5AEC}.Debug|Any CPU.Build.0 = Debug|Any CPU
		{DAFE5B77-C1BC-4170-9FA0-DBABCA1E5AEC}.Release|Any CPU.ActiveCfg = Release|Any CPU
		{DAFE5B77-C1BC-4170-9FA0-DBABCA1E5AEC}.Release|Any CPU.Build.0 = Release|Any CPU
	EndGlobalSection
EndGlobal
